// !$*UTF8*$!
{
	archiveVersion = 1;
	classes = {
	};
	objectVersion = 46;
	objects = {

/* Begin PBXBuildFile section */
		B305C98119436B9F004581BA /* RaabeAppVertretungsplan.m in Sources */ = {isa = PBXBuildFile; fileRef = B305C98019436B9F004581BA /* RaabeAppVertretungsplan.m */; };
		B32A13CA1A0D61420033BE97 /* Images.xcassets in Resources */ = {isa = PBXBuildFile; fileRef = B32A13C91A0D61420033BE97 /* Images.xcassets */; };
		B33A11EE1A5B345100E033B2 /* Localizable.strings in Resources */ = {isa = PBXBuildFile; fileRef = B33A11F01A5B345100E033B2 /* Localizable.strings */; };
		B33A11FA1A5C612800E033B2 /* about@2x.png in Resources */ = {isa = PBXBuildFile; fileRef = B33A11F81A5C612800E033B2 /* about@2x.png */; };
		B33A11FB1A5C612800E033B2 /* about@3x.png in Resources */ = {isa = PBXBuildFile; fileRef = B33A11F91A5C612800E033B2 /* about@3x.png */; };
		B33A11FE1A5C71E600E033B2 /* home@2x.png in Resources */ = {isa = PBXBuildFile; fileRef = B33A11FC1A5C71E600E033B2 /* home@2x.png */; };
		B33A11FF1A5C71E600E033B2 /* home@3x.png in Resources */ = {isa = PBXBuildFile; fileRef = B33A11FD1A5C71E600E033B2 /* home@3x.png */; };
		B33A12021A5C734E00E033B2 /* vertretungsplan@2x.png in Resources */ = {isa = PBXBuildFile; fileRef = B33A12001A5C734E00E033B2 /* vertretungsplan@2x.png */; };
		B33A12031A5C734E00E033B2 /* vertretungsplan@3x.png in Resources */ = {isa = PBXBuildFile; fileRef = B33A12011A5C734E00E033B2 /* vertretungsplan@3x.png */; };
		B3C1093A191562C1004DFE05 /* Foundation.framework in Frameworks */ = {isa = PBXBuildFile; fileRef = B3C10939191562C1004DFE05 /* Foundation.framework */; };
		B3C1093C191562C1004DFE05 /* CoreGraphics.framework in Frameworks */ = {isa = PBXBuildFile; fileRef = B3C1093B191562C1004DFE05 /* CoreGraphics.framework */; };
		B3C1093E191562C1004DFE05 /* UIKit.framework in Frameworks */ = {isa = PBXBuildFile; fileRef = B3C1093D191562C1004DFE05 /* UIKit.framework */; };
		B3C10946191562C1004DFE05 /* main.m in Sources */ = {isa = PBXBuildFile; fileRef = B3C10945191562C1004DFE05 /* main.m */; };
		B3C1094A191562C1004DFE05 /* RaabeAppAppDelegate.m in Sources */ = {isa = PBXBuildFile; fileRef = B3C10949191562C1004DFE05 /* RaabeAppAppDelegate.m */; };
		B3C1094D191562C1004DFE05 /* Main.storyboard in Resources */ = {isa = PBXBuildFile; fileRef = B3C1094B191562C1004DFE05 /* Main.storyboard */; };
		B3C10950191562C1004DFE05 /* RaabeAppViewController.m in Sources */ = {isa = PBXBuildFile; fileRef = B3C1094F191562C1004DFE05 /* RaabeAppViewController.m */; };
		B3C10959191562C1004DFE05 /* XCTest.framework in Frameworks */ = {isa = PBXBuildFile; fileRef = B3C10958191562C1004DFE05 /* XCTest.framework */; };
		B3C1095A191562C1004DFE05 /* Foundation.framework in Frameworks */ = {isa = PBXBuildFile; fileRef = B3C10939191562C1004DFE05 /* Foundation.framework */; };
		B3C1095B191562C1004DFE05 /* UIKit.framework in Frameworks */ = {isa = PBXBuildFile; fileRef = B3C1093D191562C1004DFE05 /* UIKit.framework */; };
		B3C10965191562C1004DFE05 /* RaabeAppTests.m in Sources */ = {isa = PBXBuildFile; fileRef = B3C10964191562C1004DFE05 /* RaabeAppTests.m */; };
		B3C1097019157C74004DFE05 /* RaabeAppVertretungsplanViewController.m in Sources */ = {isa = PBXBuildFile; fileRef = B3C1096F19157C74004DFE05 /* RaabeAppVertretungsplanViewController.m */; };
		B3C109761916533B004DFE05 /* RaabeAppVertretungCell.m in Sources */ = {isa = PBXBuildFile; fileRef = B3C109751916533B004DFE05 /* RaabeAppVertretungCell.m */; };
		B3C109791919602D004DFE05 /* RaabeAppDetailViewController.m in Sources */ = {isa = PBXBuildFile; fileRef = B3C109781919602D004DFE05 /* RaabeAppDetailViewController.m */; };
		B3C1097C19197363004DFE05 /* RaabeAppGenericTableViewController.m in Sources */ = {isa = PBXBuildFile; fileRef = B3C1097B19197363004DFE05 /* RaabeAppGenericTableViewController.m */; };
		B3F5CC3E1945B0C2000FC9C1 /* RaabeAppHomeViewController.m in Sources */ = {isa = PBXBuildFile; fileRef = B3F5CC3D1945B0C2000FC9C1 /* RaabeAppHomeViewController.m */; };
		B3F5CC401945C26B000FC9C1 /* Settings.bundle in Resources */ = {isa = PBXBuildFile; fileRef = B3F5CC3F1945C26B000FC9C1 /* Settings.bundle */; };
		B3F5CC531945D12A000FC9C1 /* home.png in Resources */ = {isa = PBXBuildFile; fileRef = B3F5CC521945D12A000FC9C1 /* home.png */; };
		B3F5CC551945D178000FC9C1 /* about.png in Resources */ = {isa = PBXBuildFile; fileRef = B3F5CC541945D178000FC9C1 /* about.png */; };
		B3F5CC591945D1F7000FC9C1 /* vertretungsplan.png in Resources */ = {isa = PBXBuildFile; fileRef = B3F5CC581945D1F7000FC9C1 /* vertretungsplan.png */; };
/* End PBXBuildFile section */

/* Begin PBXContainerItemProxy section */
		B3C1095C191562C1004DFE05 /* PBXContainerItemProxy */ = {
			isa = PBXContainerItemProxy;
			containerPortal = B3C1092E191562C1004DFE05 /* Project object */;
			proxyType = 1;
			remoteGlobalIDString = B3C10935191562C1004DFE05;
			remoteInfo = RaabeApp;
		};
/* End PBXContainerItemProxy section */

/* Begin PBXFileReference section */
		B305C97919435645004581BA /* libz.dylib */ = {isa = PBXFileReference; lastKnownFileType = "compiled.mach-o.dylib"; name = libz.dylib; path = usr/lib/libz.dylib; sourceTree = SDKROOT; };
		B305C97F19436B9F004581BA /* RaabeAppVertretungsplan.h */ = {isa = PBXFileReference; fileEncoding = 4; lastKnownFileType = sourcecode.c.h; path = RaabeAppVertretungsplan.h; sourceTree = "<group>"; };
		B305C98019436B9F004581BA /* RaabeAppVertretungsplan.m */ = {isa = PBXFileReference; fileEncoding = 4; lastKnownFileType = sourcecode.c.objc; path = RaabeAppVertretungsplan.m; sourceTree = "<group>"; };
		B32A13C91A0D61420033BE97 /* Images.xcassets */ = {isa = PBXFileReference; lastKnownFileType = folder.assetcatalog; path = Images.xcassets; sourceTree = "<group>"; };
		B33A11EF1A5B345100E033B2 /* Base */ = {isa = PBXFileReference; lastKnownFileType = text.plist.strings; name = Base; path = Base.lproj/Localizable.strings; sourceTree = "<group>"; };
		B33A11F11A5B345600E033B2 /* en */ = {isa = PBXFileReference; lastKnownFileType = text.plist.strings; name = en; path = en.lproj/Localizable.strings; sourceTree = "<group>"; };
		B33A11F21A5B345B00E033B2 /* de */ = {isa = PBXFileReference; lastKnownFileType = text.plist.strings; name = de; path = de.lproj/Localizable.strings; sourceTree = "<group>"; };
		B33A11F41A5B36CD00E033B2 /* en */ = {isa = PBXFileReference; lastKnownFileType = text.plist.strings; name = en; path = en.lproj/Root.strings; sourceTree = "<group>"; };
		B33A11F61A5B36CE00E033B2 /* Base */ = {isa = PBXFileReference; lastKnownFileType = text.plist.strings; name = Base; path = Base.lproj/Root.strings; sourceTree = "<group>"; };
		B33A11F71A5B36CF00E033B2 /* de */ = {isa = PBXFileReference; lastKnownFileType = text.plist.strings; name = de; path = de.lproj/Root.strings; sourceTree = "<group>"; };
		B33A11F81A5C612800E033B2 /* about@2x.png */ = {isa = PBXFileReference; lastKnownFileType = image.png; path = "about@2x.png"; sourceTree = "<group>"; };
		B33A11F91A5C612800E033B2 /* about@3x.png */ = {isa = PBXFileReference; lastKnownFileType = image.png; path = "about@3x.png"; sourceTree = "<group>"; };
		B33A11FC1A5C71E600E033B2 /* home@2x.png */ = {isa = PBXFileReference; lastKnownFileType = image.png; path = "home@2x.png"; sourceTree = "<group>"; };
		B33A11FD1A5C71E600E033B2 /* home@3x.png */ = {isa = PBXFileReference; lastKnownFileType = image.png; path = "home@3x.png"; sourceTree = "<group>"; };
		B33A12001A5C734E00E033B2 /* vertretungsplan@2x.png */ = {isa = PBXFileReference; lastKnownFileType = image.png; path = "vertretungsplan@2x.png"; sourceTree = "<group>"; };
		B33A12011A5C734E00E033B2 /* vertretungsplan@3x.png */ = {isa = PBXFileReference; lastKnownFileType = image.png; path = "vertretungsplan@3x.png"; sourceTree = "<group>"; };
		B33A12041A5F083400E033B2 /* RaabeAppVertretungsplanDelegate.h */ = {isa = PBXFileReference; fileEncoding = 4; lastKnownFileType = sourcecode.c.h; path = RaabeAppVertretungsplanDelegate.h; sourceTree = "<group>"; };
		B3A977A31A111FEF00548E9B /* de */ = {isa = PBXFileReference; fileEncoding = 10; lastKnownFileType = text.plist.strings; name = de; path = de.lproj/Main.strings; sourceTree = "<group>"; };
		B3A977AB1A1133BB00548E9B /* en */ = {isa = PBXFileReference; fileEncoding = 10; lastKnownFileType = text.plist.strings; name = en; path = en.lproj/Main.strings; sourceTree = "<group>"; };
		B3C10936191562C1004DFE05 /* RaabeApp.app */ = {isa = PBXFileReference; explicitFileType = wrapper.application; includeInIndex = 0; path = RaabeApp.app; sourceTree = BUILT_PRODUCTS_DIR; };
		B3C10939191562C1004DFE05 /* Foundation.framework */ = {isa = PBXFileReference; lastKnownFileType = wrapper.framework; name = Foundation.framework; path = System/Library/Frameworks/Foundation.framework; sourceTree = SDKROOT; };
		B3C1093B191562C1004DFE05 /* CoreGraphics.framework */ = {isa = PBXFileReference; lastKnownFileType = wrapper.framework; name = CoreGraphics.framework; path = System/Library/Frameworks/CoreGraphics.framework; sourceTree = SDKROOT; };
		B3C1093D191562C1004DFE05 /* UIKit.framework */ = {isa = PBXFileReference; lastKnownFileType = wrapper.framework; name = UIKit.framework; path = System/Library/Frameworks/UIKit.framework; sourceTree = SDKROOT; };
		B3C10941191562C1004DFE05 /* RaabeApp-Info.plist */ = {isa = PBXFileReference; lastKnownFileType = text.plist.xml; path = "RaabeApp-Info.plist"; sourceTree = "<group>"; };
		B3C10945191562C1004DFE05 /* main.m */ = {isa = PBXFileReference; lastKnownFileType = sourcecode.c.objc; path = main.m; sourceTree = "<group>"; };
		B3C10947191562C1004DFE05 /* RaabeApp-Prefix.pch */ = {isa = PBXFileReference; lastKnownFileType = sourcecode.c.h; path = "RaabeApp-Prefix.pch"; sourceTree = "<group>"; };
		B3C10948191562C1004DFE05 /* RaabeAppAppDelegate.h */ = {isa = PBXFileReference; lastKnownFileType = sourcecode.c.h; path = RaabeAppAppDelegate.h; sourceTree = "<group>"; };
		B3C10949191562C1004DFE05 /* RaabeAppAppDelegate.m */ = {isa = PBXFileReference; lastKnownFileType = sourcecode.c.objc; path = RaabeAppAppDelegate.m; sourceTree = "<group>"; };
		B3C1094C191562C1004DFE05 /* Base */ = {isa = PBXFileReference; lastKnownFileType = file.storyboard; name = Base; path = Base.lproj/Main.storyboard; sourceTree = "<group>"; };
		B3C1094E191562C1004DFE05 /* RaabeAppViewController.h */ = {isa = PBXFileReference; lastKnownFileType = sourcecode.c.h; path = RaabeAppViewController.h; sourceTree = "<group>"; };
		B3C1094F191562C1004DFE05 /* RaabeAppViewController.m */ = {isa = PBXFileReference; lastKnownFileType = sourcecode.c.objc; path = RaabeAppViewController.m; sourceTree = "<group>"; };
		B3C10957191562C1004DFE05 /* RaabeAppTests.xctest */ = {isa = PBXFileReference; explicitFileType = wrapper.cfbundle; includeInIndex = 0; path = RaabeAppTests.xctest; sourceTree = BUILT_PRODUCTS_DIR; };
		B3C10958191562C1004DFE05 /* XCTest.framework */ = {isa = PBXFileReference; lastKnownFileType = wrapper.framework; name = XCTest.framework; path = Library/Frameworks/XCTest.framework; sourceTree = DEVELOPER_DIR; };
		B3C10960191562C1004DFE05 /* RaabeAppTests-Info.plist */ = {isa = PBXFileReference; lastKnownFileType = text.plist.xml; path = "RaabeAppTests-Info.plist"; sourceTree = "<group>"; };
		B3C10964191562C1004DFE05 /* RaabeAppTests.m */ = {isa = PBXFileReference; lastKnownFileType = sourcecode.c.objc; path = RaabeAppTests.m; sourceTree = "<group>"; };
		B3C1096E19157C74004DFE05 /* RaabeAppVertretungsplanViewController.h */ = {isa = PBXFileReference; fileEncoding = 4; lastKnownFileType = sourcecode.c.h; path = RaabeAppVertretungsplanViewController.h; sourceTree = "<group>"; };
		B3C1096F19157C74004DFE05 /* RaabeAppVertretungsplanViewController.m */ = {isa = PBXFileReference; fileEncoding = 4; lastKnownFileType = sourcecode.c.objc; path = RaabeAppVertretungsplanViewController.m; sourceTree = "<group>"; };
		B3C109741916533B004DFE05 /* RaabeAppVertretungCell.h */ = {isa = PBXFileReference; fileEncoding = 4; lastKnownFileType = sourcecode.c.h; path = RaabeAppVertretungCell.h; sourceTree = "<group>"; };
		B3C109751916533B004DFE05 /* RaabeAppVertretungCell.m */ = {isa = PBXFileReference; fileEncoding = 4; lastKnownFileType = sourcecode.c.objc; path = RaabeAppVertretungCell.m; sourceTree = "<group>"; };
		B3C109771919602D004DFE05 /* RaabeAppDetailViewController.h */ = {isa = PBXFileReference; fileEncoding = 4; lastKnownFileType = sourcecode.c.h; path = RaabeAppDetailViewController.h; sourceTree = "<group>"; };
		B3C109781919602D004DFE05 /* RaabeAppDetailViewController.m */ = {isa = PBXFileReference; fileEncoding = 4; lastKnownFileType = sourcecode.c.objc; path = RaabeAppDetailViewController.m; sourceTree = "<group>"; };
		B3C1097A19197363004DFE05 /* RaabeAppGenericTableViewController.h */ = {isa = PBXFileReference; fileEncoding = 4; lastKnownFileType = sourcecode.c.h; path = RaabeAppGenericTableViewController.h; sourceTree = "<group>"; };
		B3C1097B19197363004DFE05 /* RaabeAppGenericTableViewController.m */ = {isa = PBXFileReference; fileEncoding = 4; lastKnownFileType = sourcecode.c.objc; path = RaabeAppGenericTableViewController.m; sourceTree = "<group>"; };
		B3F5CC3C1945B0C2000FC9C1 /* RaabeAppHomeViewController.h */ = {isa = PBXFileReference; fileEncoding = 4; lastKnownFileType = sourcecode.c.h; path = RaabeAppHomeViewController.h; sourceTree = "<group>"; };
		B3F5CC3D1945B0C2000FC9C1 /* RaabeAppHomeViewController.m */ = {isa = PBXFileReference; fileEncoding = 4; lastKnownFileType = sourcecode.c.objc; path = RaabeAppHomeViewController.m; sourceTree = "<group>"; };
		B3F5CC3F1945C26B000FC9C1 /* Settings.bundle */ = {isa = PBXFileReference; lastKnownFileType = "wrapper.plug-in"; path = Settings.bundle; sourceTree = "<group>"; };
		B3F5CC521945D12A000FC9C1 /* home.png */ = {isa = PBXFileReference; lastKnownFileType = image.png; path = home.png; sourceTree = "<group>"; };
		B3F5CC541945D178000FC9C1 /* about.png */ = {isa = PBXFileReference; lastKnownFileType = image.png; path = about.png; sourceTree = "<group>"; };
		B3F5CC581945D1F7000FC9C1 /* vertretungsplan.png */ = {isa = PBXFileReference; lastKnownFileType = image.png; path = vertretungsplan.png; sourceTree = "<group>"; };
/* End PBXFileReference section */

/* Begin PBXFrameworksBuildPhase section */
		B3C10933191562C1004DFE05 /* Frameworks */ = {
			isa = PBXFrameworksBuildPhase;
			buildActionMask = 2147483647;
			files = (
				B3C1093C191562C1004DFE05 /* CoreGraphics.framework in Frameworks */,
				B3C1093E191562C1004DFE05 /* UIKit.framework in Frameworks */,
				B3C1093A191562C1004DFE05 /* Foundation.framework in Frameworks */,
			);
			runOnlyForDeploymentPostprocessing = 0;
		};
		B3C10954191562C1004DFE05 /* Frameworks */ = {
			isa = PBXFrameworksBuildPhase;
			buildActionMask = 2147483647;
			files = (
				B3C10959191562C1004DFE05 /* XCTest.framework in Frameworks */,
				B3C1095B191562C1004DFE05 /* UIKit.framework in Frameworks */,
				B3C1095A191562C1004DFE05 /* Foundation.framework in Frameworks */,
			);
			runOnlyForDeploymentPostprocessing = 0;
		};
/* End PBXFrameworksBuildPhase section */

/* Begin PBXGroup section */
		B3C1092D191562C1004DFE05 = {
			isa = PBXGroup;
			children = (
				B3C1093F191562C1004DFE05 /* RaabeApp */,
				B3C1095E191562C1004DFE05 /* RaabeAppTests */,
				B3C10938191562C1004DFE05 /* Frameworks */,
				B3C10937191562C1004DFE05 /* Products */,
			);
			sourceTree = "<group>";
		};
		B3C10937191562C1004DFE05 /* Products */ = {
			isa = PBXGroup;
			children = (
				B3C10936191562C1004DFE05 /* RaabeApp.app */,
				B3C10957191562C1004DFE05 /* RaabeAppTests.xctest */,
			);
			name = Products;
			sourceTree = "<group>";
		};
		B3C10938191562C1004DFE05 /* Frameworks */ = {
			isa = PBXGroup;
			children = (
				B305C97919435645004581BA /* libz.dylib */,
				B3C10939191562C1004DFE05 /* Foundation.framework */,
				B3C1093B191562C1004DFE05 /* CoreGraphics.framework */,
				B3C1093D191562C1004DFE05 /* UIKit.framework */,
				B3C10958191562C1004DFE05 /* XCTest.framework */,
			);
			name = Frameworks;
			sourceTree = "<group>";
		};
		B3C1093F191562C1004DFE05 /* RaabeApp */ = {
			isa = PBXGroup;
			children = (
				B33A11F51A5B36CD00E033B2 /* Root.strings */,
				B3F5CC431945CE4F000FC9C1 /* res */,
				B3F5CC3F1945C26B000FC9C1 /* Settings.bundle */,
				B3C10948191562C1004DFE05 /* RaabeAppAppDelegate.h */,
				B3C10949191562C1004DFE05 /* RaabeAppAppDelegate.m */,
				B305C97F19436B9F004581BA /* RaabeAppVertretungsplan.h */,
				B305C98019436B9F004581BA /* RaabeAppVertretungsplan.m */,
				B3C1094B191562C1004DFE05 /* Main.storyboard */,
				B3C1096E19157C74004DFE05 /* RaabeAppVertretungsplanViewController.h */,
				B3C1096F19157C74004DFE05 /* RaabeAppVertretungsplanViewController.m */,
				B3C1097A19197363004DFE05 /* RaabeAppGenericTableViewController.h */,
				B3C1097B19197363004DFE05 /* RaabeAppGenericTableViewController.m */,
				B3C109771919602D004DFE05 /* RaabeAppDetailViewController.h */,
				B3C109781919602D004DFE05 /* RaabeAppDetailViewController.m */,
				B3C109741916533B004DFE05 /* RaabeAppVertretungCell.h */,
				B3C109751916533B004DFE05 /* RaabeAppVertretungCell.m */,
				B3F5CC3C1945B0C2000FC9C1 /* RaabeAppHomeViewController.h */,
				B3F5CC3D1945B0C2000FC9C1 /* RaabeAppHomeViewController.m */,
				B3C1094E191562C1004DFE05 /* RaabeAppViewController.h */,
				B3C1094F191562C1004DFE05 /* RaabeAppViewController.m */,
				B33A12041A5F083400E033B2 /* RaabeAppVertretungsplanDelegate.h */,
				B32A13C91A0D61420033BE97 /* Images.xcassets */,
				B3C10940191562C1004DFE05 /* Supporting Files */,
			);
			path = RaabeApp;
			sourceTree = "<group>";
		};
		B3C10940191562C1004DFE05 /* Supporting Files */ = {
			isa = PBXGroup;
			children = (
				B33A11F01A5B345100E033B2 /* Localizable.strings */,
				B3C10941191562C1004DFE05 /* RaabeApp-Info.plist */,
				B3C10945191562C1004DFE05 /* main.m */,
				B3C10947191562C1004DFE05 /* RaabeApp-Prefix.pch */,
			);
			name = "Supporting Files";
			sourceTree = "<group>";
		};
		B3C1095E191562C1004DFE05 /* RaabeAppTests */ = {
			isa = PBXGroup;
			children = (
				B3C10964191562C1004DFE05 /* RaabeAppTests.m */,
				B3C1095F191562C1004DFE05 /* Supporting Files */,
			);
			path = RaabeAppTests;
			sourceTree = "<group>";
		};
		B3C1095F191562C1004DFE05 /* Supporting Files */ = {
			isa = PBXGroup;
			children = (
				B3C10960191562C1004DFE05 /* RaabeAppTests-Info.plist */,
			);
			name = "Supporting Files";
			sourceTree = "<group>";
		};
		B3F5CC431945CE4F000FC9C1 /* res */ = {
			isa = PBXGroup;
			children = (
				B3F5CC581945D1F7000FC9C1 /* vertretungsplan.png */,
				B33A12001A5C734E00E033B2 /* vertretungsplan@2x.png */,
				B33A12011A5C734E00E033B2 /* vertretungsplan@3x.png */,
				B3F5CC541945D178000FC9C1 /* about.png */,
				B33A11F81A5C612800E033B2 /* about@2x.png */,
				B33A11F91A5C612800E033B2 /* about@3x.png */,
				B3F5CC521945D12A000FC9C1 /* home.png */,
				B33A11FC1A5C71E600E033B2 /* home@2x.png */,
				B33A11FD1A5C71E600E033B2 /* home@3x.png */,
			);
			name = res;
			sourceTree = "<group>";
		};
/* End PBXGroup section */

/* Begin PBXNativeTarget section */
		B3C10935191562C1004DFE05 /* RaabeApp */ = {
			isa = PBXNativeTarget;
			buildConfigurationList = B3C10968191562C1004DFE05 /* Build configuration list for PBXNativeTarget "RaabeApp" */;
			buildPhases = (
				B3C10932191562C1004DFE05 /* Sources */,
				B3C10933191562C1004DFE05 /* Frameworks */,
				B3C10934191562C1004DFE05 /* Resources */,
			);
			buildRules = (
			);
			dependencies = (
			);
			name = RaabeApp;
			productName = RaabeApp;
			productReference = B3C10936191562C1004DFE05 /* RaabeApp.app */;
			productType = "com.apple.product-type.application";
		};
		B3C10956191562C1004DFE05 /* RaabeAppTests */ = {
			isa = PBXNativeTarget;
			buildConfigurationList = B3C1096B191562C1004DFE05 /* Build configuration list for PBXNativeTarget "RaabeAppTests" */;
			buildPhases = (
				B3C10953191562C1004DFE05 /* Sources */,
				B3C10954191562C1004DFE05 /* Frameworks */,
				B3C10955191562C1004DFE05 /* Resources */,
			);
			buildRules = (
			);
			dependencies = (
				B3C1095D191562C1004DFE05 /* PBXTargetDependency */,
			);
			name = RaabeAppTests;
			productName = RaabeAppTests;
			productReference = B3C10957191562C1004DFE05 /* RaabeAppTests.xctest */;
			productType = "com.apple.product-type.bundle.unit-test";
		};
/* End PBXNativeTarget section */

/* Begin PBXProject section */
		B3C1092E191562C1004DFE05 /* Project object */ = {
			isa = PBXProject;
			attributes = {
				CLASSPREFIX = RaabeApp;
				LastUpgradeCheck = 0510;
				ORGANIZATIONNAME = "Benjamin Altpeter";
				TargetAttributes = {
					B3C10935191562C1004DFE05 = {
						DevelopmentTeam = A22AU83DG6;
					};
					B3C10956191562C1004DFE05 = {
						TestTargetID = B3C10935191562C1004DFE05;
					};
				};
			};
			buildConfigurationList = B3C10931191562C1004DFE05 /* Build configuration list for PBXProject "RaabeApp" */;
			compatibilityVersion = "Xcode 3.2";
			developmentRegion = English;
			hasScannedForEncodings = 0;
			knownRegions = (
				en,
				Base,
				de,
			);
			mainGroup = B3C1092D191562C1004DFE05;
			productRefGroup = B3C10937191562C1004DFE05 /* Products */;
			projectDirPath = "";
			projectRoot = "";
			targets = (
				B3C10935191562C1004DFE05 /* RaabeApp */,
				B3C10956191562C1004DFE05 /* RaabeAppTests */,
			);
		};
/* End PBXProject section */

/* Begin PBXResourcesBuildPhase section */
		B3C10934191562C1004DFE05 /* Resources */ = {
			isa = PBXResourcesBuildPhase;
			buildActionMask = 2147483647;
			files = (
				B3F5CC401945C26B000FC9C1 /* Settings.bundle in Resources */,
				B3F5CC531945D12A000FC9C1 /* home.png in Resources */,
				B33A11FF1A5C71E600E033B2 /* home@3x.png in Resources */,
				B33A12021A5C734E00E033B2 /* vertretungsplan@2x.png in Resources */,
				B33A12031A5C734E00E033B2 /* vertretungsplan@3x.png in Resources */,
				B3C1094D191562C1004DFE05 /* Main.storyboard in Resources */,
				B33A11EE1A5B345100E033B2 /* Localizable.strings in Resources */,
				B33A11FA1A5C612800E033B2 /* about@2x.png in Resources */,
				B33A11FE1A5C71E600E033B2 /* home@2x.png in Resources */,
				B32A13CA1A0D61420033BE97 /* Images.xcassets in Resources */,
				B33A11FB1A5C612800E033B2 /* about@3x.png in Resources */,
				B3F5CC591945D1F7000FC9C1 /* vertretungsplan.png in Resources */,
				B3F5CC551945D178000FC9C1 /* about.png in Resources */,
			);
			runOnlyForDeploymentPostprocessing = 0;
		};
		B3C10955191562C1004DFE05 /* Resources */ = {
			isa = PBXResourcesBuildPhase;
			buildActionMask = 2147483647;
			files = (
			);
			runOnlyForDeploymentPostprocessing = 0;
		};
/* End PBXResourcesBuildPhase section */

/* Begin PBXSourcesBuildPhase section */
		B3C10932191562C1004DFE05 /* Sources */ = {
			isa = PBXSourcesBuildPhase;
			buildActionMask = 2147483647;
			files = (
				B3C1094A191562C1004DFE05 /* RaabeAppAppDelegate.m in Sources */,
				B3C1097019157C74004DFE05 /* RaabeAppVertretungsplanViewController.m in Sources */,
				B3F5CC3E1945B0C2000FC9C1 /* RaabeAppHomeViewController.m in Sources */,
				B3C10946191562C1004DFE05 /* main.m in Sources */,
				B3C109761916533B004DFE05 /* RaabeAppVertretungCell.m in Sources */,
				B3C109791919602D004DFE05 /* RaabeAppDetailViewController.m in Sources */,
				B3C10950191562C1004DFE05 /* RaabeAppViewController.m in Sources */,
				B3C1097C19197363004DFE05 /* RaabeAppGenericTableViewController.m in Sources */,
				B305C98119436B9F004581BA /* RaabeAppVertretungsplan.m in Sources */,
			);
			runOnlyForDeploymentPostprocessing = 0;
		};
		B3C10953191562C1004DFE05 /* Sources */ = {
			isa = PBXSourcesBuildPhase;
			buildActionMask = 2147483647;
			files = (
				B3C10965191562C1004DFE05 /* RaabeAppTests.m in Sources */,
			);
			runOnlyForDeploymentPostprocessing = 0;
		};
/* End PBXSourcesBuildPhase section */

/* Begin PBXTargetDependency section */
		B3C1095D191562C1004DFE05 /* PBXTargetDependency */ = {
			isa = PBXTargetDependency;
			target = B3C10935191562C1004DFE05 /* RaabeApp */;
			targetProxy = B3C1095C191562C1004DFE05 /* PBXContainerItemProxy */;
		};
/* End PBXTargetDependency section */

/* Begin PBXVariantGroup section */
		B33A11F01A5B345100E033B2 /* Localizable.strings */ = {
			isa = PBXVariantGroup;
			children = (
				B33A11EF1A5B345100E033B2 /* Base */,
				B33A11F11A5B345600E033B2 /* en */,
				B33A11F21A5B345B00E033B2 /* de */,
			);
			name = Localizable.strings;
			sourceTree = "<group>";
		};
		B33A11F51A5B36CD00E033B2 /* Root.strings */ = {
			isa = PBXVariantGroup;
			children = (
				B33A11F41A5B36CD00E033B2 /* en */,
				B33A11F61A5B36CE00E033B2 /* Base */,
				B33A11F71A5B36CF00E033B2 /* de */,
			);
			name = Root.strings;
			path = Settings.bundle;
			sourceTree = "<group>";
		};
		B3C1094B191562C1004DFE05 /* Main.storyboard */ = {
			isa = PBXVariantGroup;
			children = (
				B3C1094C191562C1004DFE05 /* Base */,
				B3A977A31A111FEF00548E9B /* de */,
				B3A977AB1A1133BB00548E9B /* en */,
			);
			name = Main.storyboard;
			sourceTree = "<group>";
		};
/* End PBXVariantGroup section */

/* Begin XCBuildConfiguration section */
		B3C10966191562C1004DFE05 /* Debug */ = {
			isa = XCBuildConfiguration;
			buildSettings = {
				ALWAYS_SEARCH_USER_PATHS = NO;
				CLANG_CXX_LANGUAGE_STANDARD = "gnu++0x";
				CLANG_CXX_LIBRARY = "libc++";
				CLANG_ENABLE_MODULES = YES;
				CLANG_ENABLE_OBJC_ARC = YES;
				CLANG_WARN_BOOL_CONVERSION = YES;
				CLANG_WARN_CONSTANT_CONVERSION = YES;
				CLANG_WARN_DIRECT_OBJC_ISA_USAGE = YES_ERROR;
				CLANG_WARN_EMPTY_BODY = YES;
				CLANG_WARN_ENUM_CONVERSION = YES;
				CLANG_WARN_INT_CONVERSION = YES;
				CLANG_WARN_OBJC_ROOT_CLASS = YES_ERROR;
				CLANG_WARN__DUPLICATE_METHOD_MATCH = YES;
				CODE_SIGN_IDENTITY = "iPhone Distribution: Gymnasium Raabeschule Braunschweig (A22AU83DG6)";
				"CODE_SIGN_IDENTITY[sdk=iphoneos*]" = "iPhone Distribution: Gymnasium Raabeschule Braunschweig (A22AU83DG6)";
				COPY_PHASE_STRIP = NO;
				GCC_C_LANGUAGE_STANDARD = gnu99;
				GCC_DYNAMIC_NO_PIC = NO;
				GCC_OPTIMIZATION_LEVEL = 0;
				GCC_PREPROCESSOR_DEFINITIONS = (
					"DEBUG=1",
					"$(inherited)",
				);
				GCC_SYMBOLS_PRIVATE_EXTERN = NO;
				GCC_WARN_64_TO_32_BIT_CONVERSION = YES;
				GCC_WARN_ABOUT_RETURN_TYPE = YES_ERROR;
				GCC_WARN_UNDECLARED_SELECTOR = YES;
				GCC_WARN_UNINITIALIZED_AUTOS = YES_AGGRESSIVE;
				GCC_WARN_UNUSED_FUNCTION = YES;
				GCC_WARN_UNUSED_VARIABLE = YES;
				IPHONEOS_DEPLOYMENT_TARGET = 8.0;
				ONLY_ACTIVE_ARCH = YES;
				PROVISIONING_PROFILE = "efb76a4d-187c-4bfc-b8e7-db11785aa21e";
				SDKROOT = iphoneos;
			};
			name = Debug;
		};
		B3C10967191562C1004DFE05 /* Release */ = {
			isa = XCBuildConfiguration;
			buildSettings = {
				ALWAYS_SEARCH_USER_PATHS = NO;
				CLANG_CXX_LANGUAGE_STANDARD = "gnu++0x";
				CLANG_CXX_LIBRARY = "libc++";
				CLANG_ENABLE_MODULES = YES;
				CLANG_ENABLE_OBJC_ARC = YES;
				CLANG_WARN_BOOL_CONVERSION = YES;
				CLANG_WARN_CONSTANT_CONVERSION = YES;
				CLANG_WARN_DIRECT_OBJC_ISA_USAGE = YES_ERROR;
				CLANG_WARN_EMPTY_BODY = YES;
				CLANG_WARN_ENUM_CONVERSION = YES;
				CLANG_WARN_INT_CONVERSION = YES;
				CLANG_WARN_OBJC_ROOT_CLASS = YES_ERROR;
				CLANG_WARN__DUPLICATE_METHOD_MATCH = YES;
				CODE_SIGN_IDENTITY = "iPhone Distribution: Gymnasium Raabeschule Braunschweig (A22AU83DG6)";
				"CODE_SIGN_IDENTITY[sdk=iphoneos*]" = "iPhone Distribution: Gymnasium Raabeschule Braunschweig (A22AU83DG6)";
				COPY_PHASE_STRIP = YES;
				ENABLE_NS_ASSERTIONS = NO;
				GCC_C_LANGUAGE_STANDARD = gnu99;
				GCC_WARN_64_TO_32_BIT_CONVERSION = YES;
				GCC_WARN_ABOUT_RETURN_TYPE = YES_ERROR;
				GCC_WARN_UNDECLARED_SELECTOR = YES;
				GCC_WARN_UNINITIALIZED_AUTOS = YES_AGGRESSIVE;
				GCC_WARN_UNUSED_FUNCTION = YES;
				GCC_WARN_UNUSED_VARIABLE = YES;
				IPHONEOS_DEPLOYMENT_TARGET = 8.0;
				PROVISIONING_PROFILE = "efb76a4d-187c-4bfc-b8e7-db11785aa21e";
				SDKROOT = iphoneos;
				VALIDATE_PRODUCT = YES;
			};
			name = Release;
		};
		B3C10969191562C1004DFE05 /* Debug */ = {
			isa = XCBuildConfiguration;
			buildSettings = {
				ASSETCATALOG_COMPILER_APPICON_NAME = AppIcon;
				ASSETCATALOG_COMPILER_LAUNCHIMAGE_NAME = LaunchImage;
				CODE_SIGN_IDENTITY = "iPhone Developer";
				"CODE_SIGN_IDENTITY[sdk=iphoneos*]" = "iPhone Distribution: Gymnasium Raabeschule Braunschweig (A22AU83DG6)";
				GCC_PRECOMPILE_PREFIX_HEADER = YES;
				GCC_PREFIX_HEADER = "RaabeApp/RaabeApp-Prefix.pch";
				INFOPLIST_FILE = "RaabeApp/RaabeApp-Info.plist";
				IPHONEOS_DEPLOYMENT_TARGET = 8.0;
				PRODUCT_NAME = "$(TARGET_NAME)";
				PROVISIONING_PROFILE = "efb76a4d-187c-4bfc-b8e7-db11785aa21e";
				WRAPPER_EXTENSION = app;
			};
			name = Debug;
		};
		B3C1096A191562C1004DFE05 /* Release */ = {
			isa = XCBuildConfiguration;
			buildSettings = {
				ASSETCATALOG_COMPILER_APPICON_NAME = AppIcon;
				ASSETCATALOG_COMPILER_LAUNCHIMAGE_NAME = LaunchImage;
				CODE_SIGN_IDENTITY = "iPhone Developer";
				"CODE_SIGN_IDENTITY[sdk=iphoneos*]" = "iPhone Distribution: Gymnasium Raabeschule Braunschweig (A22AU83DG6)";
				GCC_PRECOMPILE_PREFIX_HEADER = YES;
				GCC_PREFIX_HEADER = "RaabeApp/RaabeApp-Prefix.pch";
				INFOPLIST_FILE = "RaabeApp/RaabeApp-Info.plist";
				IPHONEOS_DEPLOYMENT_TARGET = 8.0;
				PRODUCT_NAME = "$(TARGET_NAME)";
				PROVISIONING_PROFILE = "efb76a4d-187c-4bfc-b8e7-db11785aa21e";
				WRAPPER_EXTENSION = app;
			};
			name = Release;
		};
		B3C1096C191562C1004DFE05 /* Debug */ = {
			isa = XCBuildConfiguration;
			buildSettings = {
				BUNDLE_LOADER = "$(BUILT_PRODUCTS_DIR)/RaabeApp.app/RaabeApp";
				FRAMEWORK_SEARCH_PATHS = (
					"$(SDKROOT)/Developer/Library/Frameworks",
					"$(inherited)",
					"$(DEVELOPER_FRAMEWORKS_DIR)",
				);
				GCC_PRECOMPILE_PREFIX_HEADER = YES;
				GCC_PREFIX_HEADER = "RaabeApp/RaabeApp-Prefix.pch";
				GCC_PREPROCESSOR_DEFINITIONS = (
					"DEBUG=1",
					"$(inherited)",
				);
				INFOPLIST_FILE = "RaabeAppTests/RaabeAppTests-Info.plist";
				PRODUCT_NAME = "$(TARGET_NAME)";
				TEST_HOST = "$(BUNDLE_LOADER)";
				WRAPPER_EXTENSION = xctest;
			};
			name = Debug;
		};
		B3C1096D191562C1004DFE05 /* Release */ = {
			isa = XCBuildConfiguration;
			buildSettings = {
				BUNDLE_LOADER = "$(BUILT_PRODUCTS_DIR)/RaabeApp.app/RaabeApp";
				FRAMEWORK_SEARCH_PATHS = (
					"$(SDKROOT)/Developer/Library/Frameworks",
					"$(inherited)",
					"$(DEVELOPER_FRAMEWORKS_DIR)",
				);
				GCC_PRECOMPILE_PREFIX_HEADER = YES;
				GCC_PREFIX_HEADER = "RaabeApp/RaabeApp-Prefix.pch";
				INFOPLIST_FILE = "RaabeAppTests/RaabeAppTests-Info.plist";
				PRODUCT_NAME = "$(TARGET_NAME)";
				TEST_HOST = "$(BUNDLE_LOADER)";
				WRAPPER_EXTENSION = xctest;
			};
			name = Release;
		};
/* End XCBuildConfiguration section */

/* Begin XCConfigurationList section */
		B3C10931191562C1004DFE05 /* Build configuration list for PBXProject "RaabeApp" */ = {
			isa = XCConfigurationList;
			buildConfigurations = (
				B3C10966191562C1004DFE05 /* Debug */,
				B3C10967191562C1004DFE05 /* Release */,
			);
			defaultConfigurationIsVisible = 0;
			defaultConfigurationName = Release;
		};
		B3C10968191562C1004DFE05 /* Build configuration list for PBXNativeTarget "RaabeApp" */ = {
			isa = XCConfigurationList;
			buildConfigurations = (
				B3C10969191562C1004DFE05 /* Debug */,
				B3C1096A191562C1004DFE05 /* Release */,
			);
			defaultConfigurationIsVisible = 0;
			defaultConfigurationName = Release;
		};
		B3C1096B191562C1004DFE05 /* Build configuration list for PBXNativeTarget "RaabeAppTests" */ = {
			isa = XCConfigurationList;
			buildConfigurations = (
				B3C1096C191562C1004DFE05 /* Debug */,
				B3C1096D191562C1004DFE05 /* Release */,
			);
			defaultConfigurationIsVisible = 0;
			defaultConfigurationName = Release;
		};
/* End XCConfigurationList section */
	};
	rootObject = B3C1092E191562C1004DFE05 /* Project object */;
}
